
Microsoft Visual Studio Solution File, Format Version 12.00
# Visual Studio Version 17
VisualStudioVersion = 17.8.34316.72
MinimumVisualStudioVersion = 10.0.40219.1
Project("{FAE04EC0-301F-11D3-BF4B-00C04F79EFBC}") = "Image To Console", "Image To Console\Image To Console.csproj", "{D47C669B-16A4-4EF3-8786-FF1DD5A855C5}"
EndProject
Global
	GlobalSection(SolutionConfigurationPlatforms) = preSolution
		Debug|Any CPU = Debug|Any CPU
		Release|Any CPU = Release|Any CPU
	EndGlobalSection
	GlobalSection(ProjectConfigurationPlatforms) = postSolution
		{D47C669B-16A4-4EF3-8786-FF1DD5A855C5}.Debug|Any CPU.ActiveCfg = Debug|Any CPU
		{D47C669B-16A4-4EF3-8786-FF1DD5A855C5}.Debug|Any CPU.Build.0 = Debug|Any CPU
		{D47C669B-16A4-4EF3-8786-FF1DD5A855C5}.Release|Any CPU.ActiveCfg = Release|Any CPU
		{D47C669B-16A4-4EF3-8786-FF1DD5A855C5}.Release|Any CPU.Build.0 = Release|Any CPU
	EndGlobalSection
	GlobalSection(SolutionProperties) = preSolution
		HideSolutionNode = FALSE
	EndGlobalSection
	GlobalSection(ExtensibilityGlobals) = postSolution
		SolutionGuid = {C2B4BCE0-7BF1-449E-A927-4FF45411D1B6}
	EndGlobalSection
EndGlobal
